
Microsoft Visual Studio Solution File, Format Version 12.00
# Visual Studio for Mac
Project("{FAE04EC0-301F-11D3-BF4B-00C04F79EFBC}") = "Dodge_if_you_can", "Assembly-CSharp.csproj", "{CC7B9B6A-0291-D10D-778E-2CF406E43E11}"
EndProject
Project("{FAE04EC0-301F-11D3-BF4B-00C04F79EFBC}") = "Dodge_if_you_can", "Assembly-CSharp-Editor.csproj", "{8429BC0F-39A9-31E4-2385-053BF3962B2B}"
EndProject
Global
	GlobalSection(SolutionConfigurationPlatforms) = preSolution
		Debug|Any CPU = Debug|Any CPU
		Release|Any CPU = Release|Any CPU
	EndGlobalSection
	GlobalSection(ProjectConfigurationPlatforms) = postSolution
		{CC7B9B6A-0291-D10D-778E-2CF406E43E11}.Debug|Any CPU.ActiveCfg = Debug|Any CPU
		{CC7B9B6A-0291-D10D-778E-2CF406E43E11}.Debug|Any CPU.Build.0 = Debug|Any CPU
		{CC7B9B6A-0291-D10D-778E-2CF406E43E11}.Release|Any CPU.ActiveCfg = Release|Any CPU
		{CC7B9B6A-0291-D10D-778E-2CF406E43E11}.Release|Any CPU.Build.0 = Release|Any CPU
		{8429BC0F-39A9-31E4-2385-053BF3962B2B}.Debug|Any CPU.ActiveCfg = Debug|Any CPU
		{8429BC0F-39A9-31E4-2385-053BF3962B2B}.Debug|Any CPU.Build.0 = Debug|Any CPU
		{8429BC0F-39A9-31E4-2385-053BF3962B2B}.Release|Any CPU.ActiveCfg = Release|Any CPU
		{8429BC0F-39A9-31E4-2385-053BF3962B2B}.Release|Any CPU.Build.0 = Release|Any CPU
	EndGlobalSection
	GlobalSection(SolutionProperties) = preSolution
		HideSolutionNode = FALSE
	EndGlobalSection
EndGlobal
